github.com/mitranim/gow v0.0.0-20181105081807-8128c81042bd h1:UaTK1OHk7RWDD9H11CdAnQJxmkdtLcpfpRfBFaRIUCo=
github.com/mitranim/gow v0.0.0-20181105081807-8128c81042bd/go.mod h1:lmxj7ZyGcq63/9nRzZO8TSAEg4hkKVrhq9TQ+jBcjzk=
github.com/rjeczalik/notify v0.9.2 h1:MiTWrPj55mNDHEiIX5YUSKefw/+lCQVoAFmD6oQm5w8=
github.com/rjeczalik/notify v0.9.2/go.mod h1:aErll2f0sUX9PXZnVNyeiObbmTlk5jnMoCa4QEjJeqM=
goji.io v2.0.2+incompatible h1:uIssv/elbKRLznFUy3Xj4+2Mz/qKhek/9aZQDUMae7c=
goji.io v2.0.2+incompatible/go.mod h1:sbqFwrtqZACxLBTQcdgVjFh54yGVCvwq8+w49MVMMIk=
golang.org/x/sys v0.0.0-20180926160741-c2ed4eda69e7/go.mod h1:STP8DvDyc/dI5b8T5hshtkjS+E42TnysNCUPdjciGhY=
golang.org/x/sys v0.0.0-20181019160139-8e24a49d80f8/go.mod h1:STP8DvDyc/dI5b8T5hshtkjS+E42TnysNCUPdjciGhY=
golang.org/x/sys v0.0.0-20200124204421-9fbb57f87de9 h1:1/DFK4b7JH8DmkqhUk48onnSfrPzImPoVxuomtbT2nk=
golang.org/x/sys v0.0.0-20200124204421-9fbb57f87de9/go.mod h1:h1NjWce9XRLGQEsW7wpKNCjG9DtNlClVuFLEZdDNbEs=
